PODS:
  - BSGridCollectionViewLayout (1.2.5)
  - BSImagePicker (2.10.3):
    - BSGridCollectionViewLayout (= 1.2.5)
    - BSImageView (= 1.0.3)
  - BSImageView (1.0.3)
  - ffmpeg-kit-ios-https (4.5.LTS)
  - ffmpeg_kit_flutter (4.5.0):
    - ffmpeg_kit_flutter/https-lts (= 4.5.0)
    - Flutter
  - ffmpeg_kit_flutter/https-lts (4.5.0):
    - ffmpeg-kit-ios-https (= 4.5.LTS)
    - Flutter
  - Flutter (1.0.0)
  - image_picker (0.0.1):
    - Flutter
  - libwebp (1.2.1):
    - libwebp/demux (= 1.2.1)
    - libwebp/mux (= 1.2.1)
    - libwebp/webp (= 1.2.1)
  - libwebp/demux (1.2.1):
    - libwebp/webp
  - libwebp/mux (1.2.1):
    - libwebp/demux
  - libwebp/webp (1.2.1)
  - multi_image_picker (4.8.00):
    - BSImagePicker (~> 2.10.3)
    - Flutter
  - path_provider_ios (0.0.1):
    - Flutter
  - video_player (0.0.1):
    - Flutter
  - video_thumbnail (0.0.1):
    - Flutter
    - libwebp

DEPENDENCIES:
  - ffmpeg_kit_flutter (from `.symlinks/plugins/ffmpeg_kit_flutter/ios`)
  - Flutter (from `Flutter`)
  - image_picker (from `.symlinks/plugins/image_picker/ios`)
  - multi_image_picker (from `.symlinks/plugins/multi_image_picker/ios`)
  - path_provider_ios (from `.symlinks/plugins/path_provider_ios/ios`)
  - video_player (from `.symlinks/plugins/video_player/ios`)
  - video_thumbnail (from `.symlinks/plugins/video_thumbnail/ios`)

SPEC REPOS:
  trunk:
    - BSGridCollectionViewLayout
    - BSImagePicker
    - BSImageView
    - ffmpeg-kit-ios-https
    - libwebp

EXTERNAL SOURCES:
  ffmpeg_kit_flutter:
    :path: ".symlinks/plugins/ffmpeg_kit_flutter/ios"
  Flutter:
    :path: Flutter
  image_picker:
    :path: ".symlinks/plugins/image_picker/ios"
  multi_image_picker:
    :path: ".symlinks/plugins/multi_image_picker/ios"
  path_provider_ios:
    :path: ".symlinks/plugins/path_provider_ios/ios"
  video_player:
    :path: ".symlinks/plugins/video_player/ios"
  video_thumbnail:
    :path: ".symlinks/plugins/video_thumbnail/ios"

SPEC CHECKSUMS:
  BSGridCollectionViewLayout: 333dcb457a5a3bdd9212607ab5756553dcfe06cb
  BSImagePicker: 07404254f2fcdaf5a2eb403c0f8c337267ce8738
  BSImageView: a149459433a2687157d034c78e059d30ac7f2544
  ffmpeg-kit-ios-https: 420b7d6e105f4b872d048a84f4f713479bea8b2b
  ffmpeg_kit_flutter: 4475e259bfc0e495d1db6559d0ecf0ebfa1215c7
  Flutter: 50d75fe2f02b26cc09d224853bb45737f8b3214a
  image_picker: 0d37d1cb66231c2473a0e3ccb8d062d0c2b3d297
  libwebp: 98a37e597e40bfdb4c911fc98f2c53d0b12d05fc
  multi_image_picker: 443e776a762d7901641854043b60abf88a85d5ef
  path_provider_ios: 7d7ce634493af4477d156294792024ec3485acd5
  video_player: 7e9dad9437c238a97648819f6dd443c8854cf0c7
  video_thumbnail: c4e2a3c539e247d4de13cd545344fd2d26ffafd1

PODFILE CHECKSUM: 7368163408c647b7eb699d0d788ba6718e18fb8d

COCOAPODS: 1.11.2
